<?xml version="1.0" encoding="utf-8"?>
<Project ToolsVersion="4.0" xmlns="http://schemas.microsoft.com/developer/msbuild/2003">
  <ItemGroup>
    <Filter Include="Source Files">
      <UniqueIdentifier>{4FC737F1-C7A5-4376-A066-2A32D752A2FF}</UniqueIdentifier>
      <Extensions>cpp;c;cc;cxx;def;odl;idl;hpj;bat;asm;asmx</Extensions>
    </Filter>
    <Filter Include="Header Files">
      <UniqueIdentifier>{93995380-89BD-4b04-88EB-625FBE52EBFB}</UniqueIdentifier>
      <Extensions>h;hpp;hxx;hm;inl;inc;xsd</Extensions>
    </Filter>
    <Filter Include="Resource Files">
      <UniqueIdentifier>{67DA6AB6-F800-4c08-8B7A-83BB121AAD01}</UniqueIdentifier>
      <Extensions>rc;ico;cur;bmp;dlg;rc2;rct;bin;rgs;gif;jpg;jpeg;jpe;resx;tiff;tif;png;wav;mfcribbon-ms</Extensions>
    </Filter>
    <Filter Include="Asm Files">
      <UniqueIdentifier>{909ab1d6-a375-4f90-8a10-62ca9cd67f95}</UniqueIdentifier>
    </Filter>
    <Filter Include="Resource Files\DB">
      <UniqueIdentifier>{f0cf39e3-f823-4241-9aa0-2e935cfed9f6}</UniqueIdentifier>
    </Filter>
  </ItemGroup>
  <ItemGroup>
    <Text Include="..\readme.txt" />
  </ItemGroup>
  <ItemGroup>
    <ClCompile Include="..\btcar.c">
      <Filter>Source Files</Filter>
    </ClCompile>
    <ClCompile Include="..\btcar_gatt.c">
      <Filter>Source Files</Filter>
    </ClCompile>
    <ClCompile Include="..\btcar_hw.c">
      <Filter>Source Files</Filter>
    </ClCompile>
    <ClCompile Include="..\gap_service.c">
      <Filter>Source Files</Filter>
    </ClCompile>
    <ClCompile Include="..\hid_service.c">
      <Filter>Source Files</Filter>
    </ClCompile>
    <ClCompile Include="..\nvm_access.c">
      <Filter>Source Files</Filter>
    </ClCompile>
    <ClCompile Include="..\scan_param_service.c">
      <Filter>Source Files</Filter>
    </ClCompile>
    <ClCompile Include="..\battery_service.c">
      <Filter>Source Files</Filter>
    </ClCompile>
  </ItemGroup>
  <ItemGroup>
    <ClInclude Include="..\app_gatt.h">
      <Filter>Header Files</Filter>
    </ClInclude>
    <ClInclude Include="..\appearance.h">
      <Filter>Header Files</Filter>
    </ClInclude>
    <ClInclude Include="..\battery_service.h">
      <Filter>Header Files</Filter>
    </ClInclude>
    <ClInclude Include="..\battery_uuids.h">
      <Filter>Header Files</Filter>
    </ClInclude>
    <ClInclude Include="..\btcar.h">
      <Filter>Header Files</Filter>
    </ClInclude>
    <ClInclude Include="..\btcar_gatt.h">
      <Filter>Header Files</Filter>
    </ClInclude>
    <ClInclude Include="..\btcar_hw.h">
      <Filter>Header Files</Filter>
    </ClInclude>
    <ClInclude Include="..\dev_info_uuids.h">
      <Filter>Header Files</Filter>
    </ClInclude>
    <ClInclude Include="..\gap_conn_params.h">
      <Filter>Header Files</Filter>
    </ClInclude>
    <ClInclude Include="..\gap_service.h">
      <Filter>Header Files</Filter>
    </ClInclude>
    <ClInclude Include="..\gap_uuids.h">
      <Filter>Header Files</Filter>
    </ClInclude>
    <ClInclude Include="..\gatt_serv_uuid.h">
      <Filter>Header Files</Filter>
    </ClInclude>
    <ClInclude Include="..\hid_service.h">
      <Filter>Header Files</Filter>
    </ClInclude>
    <ClInclude Include="..\hid_uuids.h">
      <Filter>Header Files</Filter>
    </ClInclude>
    <ClInclude Include="..\nvm_access.h">
      <Filter>Header Files</Filter>
    </ClInclude>
    <ClInclude Include="..\scan_param_service.h">
      <Filter>Header Files</Filter>
    </ClInclude>
    <ClInclude Include="..\scan_parameters_uuids.h">
      <Filter>Header Files</Filter>
    </ClInclude>
    <ClInclude Include="..\user_config.h">
      <Filter>Header Files</Filter>
    </ClInclude>
  </ItemGroup>
  <ItemGroup>
    <None Include="..\pio_ctrlr_code.asm">
      <Filter>Asm Files</Filter>
    </None>
    <None Include="..\app_gatt_db.db">
      <Filter>Resource Files\DB</Filter>
    </None>
    <None Include="..\battery_service_db.db">
      <Filter>Resource Files\DB</Filter>
    </None>
    <None Include="..\dev_info_service_db.db">
      <Filter>Resource Files\DB</Filter>
    </None>
    <None Include="..\gap_service_db.db">
      <Filter>Resource Files\DB</Filter>
    </None>
    <None Include="..\gatt_service_db.db">
      <Filter>Resource Files\DB</Filter>
    </None>
    <None Include="..\hid_service_db.db">
      <Filter>Resource Files\DB</Filter>
    </None>
    <None Include="..\scan_parameters_db.db">
      <Filter>Resource Files\DB</Filter>
    </None>
    <None Include="..\btcar_csr100x.keyr">
      <Filter>Resource Files</Filter>
    </None>
    <None Include="..\btcar_csr101x_A05.keyr">
      <Filter>Resource Files</Filter>
    </None>
  </ItemGroup>
</Project>