
Microsoft Visual Studio Solution File, Format Version 12.00
# Visual Studio 2013
VisualStudioVersion = 12.0.30501.0
MinimumVisualStudioVersion = 10.0.40219.1
Project("{8BC9CEB8-8B4A-11D0-8D11-00A0C91BC942}") = "btcar-dbg-io-csr", "btcar-dbg-io-csr.vcxproj", "{67E0A164-82F3-4A9F-8E1C-478EA5578E9E}"
	ProjectSection(ProjectDependencies) = postProject
		{AA9EEA04-AADD-4FE0-964C-6BA6E1D9629C} = {AA9EEA04-AADD-4FE0-964C-6BA6E1D9629C}
	EndProjectSection
EndProject
Project("{8BC9CEB8-8B4A-11D0-8D11-00A0C91BC942}") = "btcar-dbg-cmd-lib", "..\btcar-dbg-cmd-lib\btcar-dbg-cmd-lib.vcxproj", "{AA9EEA04-AADD-4FE0-964C-6BA6E1D9629C}"
EndProject
Global
	GlobalSection(SolutionConfigurationPlatforms) = preSolution
		Debug|Win32 = Debug|Win32
		Release|Win32 = Release|Win32
	EndGlobalSection
	GlobalSection(ProjectConfigurationPlatforms) = postSolution
		{67E0A164-82F3-4A9F-8E1C-478EA5578E9E}.Debug|Win32.ActiveCfg = Debug|Win32
		{67E0A164-82F3-4A9F-8E1C-478EA5578E9E}.Debug|Win32.Build.0 = Debug|Win32
		{67E0A164-82F3-4A9F-8E1C-478EA5578E9E}.Release|Win32.ActiveCfg = Release|Win32
		{67E0A164-82F3-4A9F-8E1C-478EA5578E9E}.Release|Win32.Build.0 = Release|Win32
		{AA9EEA04-AADD-4FE0-964C-6BA6E1D9629C}.Debug|Win32.ActiveCfg = Debug|Win32
		{AA9EEA04-AADD-4FE0-964C-6BA6E1D9629C}.Debug|Win32.Build.0 = Debug|Win32
		{AA9EEA04-AADD-4FE0-964C-6BA6E1D9629C}.Release|Win32.ActiveCfg = Release|Win32
		{AA9EEA04-AADD-4FE0-964C-6BA6E1D9629C}.Release|Win32.Build.0 = Release|Win32
	EndGlobalSection
	GlobalSection(SolutionProperties) = preSolution
		HideSolutionNode = FALSE
	EndGlobalSection
EndGlobal
